// !$*UTF8*$!
{
	archiveVersion = 1;
	classes = {
	};
	objectVersion = 55;
	objects = {

/* Begin PBXBuildFile section */
		742BB96D27BD3607008E98AE /* GameColorViewController.swift in Sources */ = {isa = PBXBuildFile; fileRef = 742BB96C27BD3607008E98AE /* GameColorViewController.swift */; };
		742BB97127BD5642008E98AE /* GameColor.swift in Sources */ = {isa = PBXBuildFile; fileRef = 742BB97027BD5642008E98AE /* GameColor.swift */; };
		74997AA527BBDA01009C0177 /* AppDelegate.swift in Sources */ = {isa = PBXBuildFile; fileRef = 74997AA427BBDA01009C0177 /* AppDelegate.swift */; };
		74997AA727BBDA01009C0177 /* SceneDelegate.swift in Sources */ = {isa = PBXBuildFile; fileRef = 74997AA627BBDA01009C0177 /* SceneDelegate.swift */; };
		74997AA927BBDA01009C0177 /* ViewController.swift in Sources */ = {isa = PBXBuildFile; fileRef = 74997AA827BBDA01009C0177 /* ViewController.swift */; };
		74997AAC27BBDA01009C0177 /* Main.storyboard in Resources */ = {isa = PBXBuildFile; fileRef = 74997AAA27BBDA01009C0177 /* Main.storyboard */; };
		74997AAE27BBDA02009C0177 /* Assets.xcassets in Resources */ = {isa = PBXBuildFile; fileRef = 74997AAD27BBDA02009C0177 /* Assets.xcassets */; };
		74997AB127BBDA02009C0177 /* LaunchScreen.storyboard in Resources */ = {isa = PBXBuildFile; fileRef = 74997AAF27BBDA02009C0177 /* LaunchScreen.storyboard */; };
		74997ABC27BC11A6009C0177 /* Game.swift in Sources */ = {isa = PBXBuildFile; fileRef = 74997ABB27BC11A6009C0177 /* Game.swift */; };
		74997ABE27BC1966009C0177 /* GameRound.swift in Sources */ = {isa = PBXBuildFile; fileRef = 74997ABD27BC1966009C0177 /* GameRound.swift */; };
		74997AC027BC1DBE009C0177 /* RandomValueGenerator.swift in Sources */ = {isa = PBXBuildFile; fileRef = 74997ABF27BC1DBE009C0177 /* RandomValueGenerator.swift */; };
		74E7403127BD1AF700BACD67 /* MainViewController.swift in Sources */ = {isa = PBXBuildFile; fileRef = 74E7403027BD1AF700BACD67 /* MainViewController.swift */; };
/* End PBXBuildFile section */

/* Begin PBXFileReference section */
		742BB96C27BD3607008E98AE /* GameColorViewController.swift */ = {isa = PBXFileReference; lastKnownFileType = sourcecode.swift; path = GameColorViewController.swift; sourceTree = "<group>"; };
		742BB97027BD5642008E98AE /* GameColor.swift */ = {isa = PBXFileReference; lastKnownFileType = sourcecode.swift; path = GameColor.swift; sourceTree = "<group>"; };
		74997AA127BBDA01009C0177 /* Right on Tatget.app */ = {isa = PBXFileReference; explicitFileType = wrapper.application; includeInIndex = 0; path = "Right on Tatget.app"; sourceTree = BUILT_PRODUCTS_DIR; };
		74997AA427BBDA01009C0177 /* AppDelegate.swift */ = {isa = PBXFileReference; lastKnownFileType = sourcecode.swift; path = AppDelegate.swift; sourceTree = "<group>"; };
		74997AA627BBDA01009C0177 /* SceneDelegate.swift */ = {isa = PBXFileReference; lastKnownFileType = sourcecode.swift; path = SceneDelegate.swift; sourceTree = "<group>"; };
		74997AA827BBDA01009C0177 /* ViewController.swift */ = {isa = PBXFileReference; lastKnownFileType = sourcecode.swift; path = ViewController.swift; sourceTree = "<group>"; };
		74997AAB27BBDA01009C0177 /* Base */ = {isa = PBXFileReference; lastKnownFileType = file.storyboard; name = Base; path = Base.lproj/Main.storyboard; sourceTree = "<group>"; };
		74997AAD27BBDA02009C0177 /* Assets.xcassets */ = {isa = PBXFileReference; lastKnownFileType = folder.assetcatalog; path = Assets.xcassets; sourceTree = "<group>"; };
		74997AB027BBDA02009C0177 /* Base */ = {isa = PBXFileReference; lastKnownFileType = file.storyboard; name = Base; path = Base.lproj/LaunchScreen.storyboard; sourceTree = "<group>"; };
		74997AB227BBDA02009C0177 /* Info.plist */ = {isa = PBXFileReference; lastKnownFileType = text.plist.xml; path = Info.plist; sourceTree = "<group>"; };
		74997ABB27BC11A6009C0177 /* Game.swift */ = {isa = PBXFileReference; lastKnownFileType = sourcecode.swift; path = Game.swift; sourceTree = "<group>"; };
		74997ABD27BC1966009C0177 /* GameRound.swift */ = {isa = PBXFileReference; lastKnownFileType = sourcecode.swift; path = GameRound.swift; sourceTree = "<group>"; };
		74997ABF27BC1DBE009C0177 /* RandomValueGenerator.swift */ = {isa = PBXFileReference; lastKnownFileType = sourcecode.swift; path = RandomValueGenerator.swift; sourceTree = "<group>"; };
		74E7403027BD1AF700BACD67 /* MainViewController.swift */ = {isa = PBXFileReference; lastKnownFileType = sourcecode.swift; path = MainViewController.swift; sourceTree = "<group>"; };
/* End PBXFileReference section */

/* Begin PBXFrameworksBuildPhase section */
		74997A9E27BBDA01009C0177 /* Frameworks */ = {
			isa = PBXFrameworksBuildPhase;
			buildActionMask = 2147483647;
			files = (
			);
			runOnlyForDeploymentPostprocessing = 0;
		};
/* End PBXFrameworksBuildPhase section */

/* Begin PBXGroup section */
		742BB96E27BD5616008E98AE /* Model of game slider */ = {
			isa = PBXGroup;
			children = (
				74997ABB27BC11A6009C0177 /* Game.swift */,
				74997ABD27BC1966009C0177 /* GameRound.swift */,
				74997ABF27BC1DBE009C0177 /* RandomValueGenerator.swift */,
			);
			path = "Model of game slider";
			sourceTree = "<group>";
		};
		742BB96F27BD5624008E98AE /* Model of game color */ = {
			isa = PBXGroup;
			children = (
				742BB97027BD5642008E98AE /* GameColor.swift */,
			);
			path = "Model of game color";
			sourceTree = "<group>";
		};
		74997A9827BBDA01009C0177 = {
			isa = PBXGroup;
			children = (
				74997AA327BBDA01009C0177 /* Right on Tatget */,
				74997AA227BBDA01009C0177 /* Products */,
			);
			sourceTree = "<group>";
		};
		74997AA227BBDA01009C0177 /* Products */ = {
			isa = PBXGroup;
			children = (
				74997AA127BBDA01009C0177 /* Right on Tatget.app */,
			);
			name = Products;
			sourceTree = "<group>";
		};
		74997AA327BBDA01009C0177 /* Right on Tatget */ = {
			isa = PBXGroup;
			children = (
				74997ABA27BC117E009C0177 /* Model */,
				74997AA427BBDA01009C0177 /* AppDelegate.swift */,
				74997AA627BBDA01009C0177 /* SceneDelegate.swift */,
				74997AA827BBDA01009C0177 /* ViewController.swift */,
				74E7403027BD1AF700BACD67 /* MainViewController.swift */,
				742BB96C27BD3607008E98AE /* GameColorViewController.swift */,
				74997AAA27BBDA01009C0177 /* Main.storyboard */,
				74997AAD27BBDA02009C0177 /* Assets.xcassets */,
				74997AAF27BBDA02009C0177 /* LaunchScreen.storyboard */,
				74997AB227BBDA02009C0177 /* Info.plist */,
			);
			path = "Right on Tatget";
			sourceTree = "<group>";
		};
		74997ABA27BC117E009C0177 /* Model */ = {
			isa = PBXGroup;
			children = (
				742BB96F27BD5624008E98AE /* Model of game color */,
				742BB96E27BD5616008E98AE /* Model of game slider */,
			);
			path = Model;
			sourceTree = "<group>";
		};
/* End PBXGroup section */

/* Begin PBXNativeTarget section */
		74997AA027BBDA01009C0177 /* Right on Tatget */ = {
			isa = PBXNativeTarget;
			buildConfigurationList = 74997AB527BBDA02009C0177 /* Build configuration list for PBXNativeTarget "Right on Tatget" */;
			buildPhases = (
				74997A9D27BBDA01009C0177 /* Sources */,
				74997A9E27BBDA01009C0177 /* Frameworks */,
				74997A9F27BBDA01009C0177 /* Resources */,
			);
			buildRules = (
			);
			dependencies = (
			);
			name = "Right on Tatget";
			productName = "Right on Tatget";
			productReference = 74997AA127BBDA01009C0177 /* Right on Tatget.app */;
			productType = "com.apple.product-type.application";
		};
/* End PBXNativeTarget section */

/* Begin PBXProject section */
		74997A9927BBDA01009C0177 /* Project object */ = {
			isa = PBXProject;
			attributes = {
				BuildIndependentTargetsInParallel = 1;
				LastSwiftUpdateCheck = 1320;
				LastUpgradeCheck = 1320;
				TargetAttributes = {
					74997AA027BBDA01009C0177 = {
						CreatedOnToolsVersion = 13.2.1;
					};
				};
			};
			buildConfigurationList = 74997A9C27BBDA01009C0177 /* Build configuration list for PBXProject "Right on Tatget" */;
			compatibilityVersion = "Xcode 13.0";
			developmentRegion = en;
			hasScannedForEncodings = 0;
			knownRegions = (
				en,
				Base,
			);
			mainGroup = 74997A9827BBDA01009C0177;
			productRefGroup = 74997AA227BBDA01009C0177 /* Products */;
			projectDirPath = "";
			projectRoot = "";
			targets = (
				74997AA027BBDA01009C0177 /* Right on Tatget */,
			);
		};
/* End PBXProject section */

/* Begin PBXResourcesBuildPhase section */
		74997A9F27BBDA01009C0177 /* Resources */ = {
			isa = PBXResourcesBuildPhase;
			buildActionMask = 2147483647;
			files = (
				74997AB127BBDA02009C0177 /* LaunchScreen.storyboard in Resources */,
				74997AAE27BBDA02009C0177 /* Assets.xcassets in Resources */,
				74997AAC27BBDA01009C0177 /* Main.storyboard in Resources */,
			);
			runOnlyForDeploymentPostprocessing = 0;
		};
/* End PBXResourcesBuildPhase section */

/* Begin PBXSourcesBuildPhase section */
		74997A9D27BBDA01009C0177 /* Sources */ = {
			isa = PBXSourcesBuildPhase;
			buildActionMask = 2147483647;
			files = (
				742BB96D27BD3607008E98AE /* GameColorViewController.swift in Sources */,
				74E7403127BD1AF700BACD67 /* MainViewController.swift in Sources */,
				74997AA927BBDA01009C0177 /* ViewController.swift in Sources */,
				74997AA527BBDA01009C0177 /* AppDelegate.swift in Sources */,
				742BB97127BD5642008E98AE /* GameColor.swift in Sources */,
				74997AC027BC1DBE009C0177 /* RandomValueGenerator.swift in Sources */,
				74997AA727BBDA01009C0177 /* SceneDelegate.swift in Sources */,
				74997ABE27BC1966009C0177 /* GameRound.swift in Sources */,
				74997ABC27BC11A6009C0177 /* Game.swift in Sources */,
			);
			runOnlyForDeploymentPostprocessing = 0;
		};
/* End PBXSourcesBuildPhase section */

/* Begin PBXVariantGroup section */
		74997AAA27BBDA01009C0177 /* Main.storyboard */ = {
			isa = PBXVariantGroup;
			children = (
				74997AAB27BBDA01009C0177 /* Base */,
			);
			name = Main.storyboard;
			sourceTree = "<group>";
		};
		74997AAF27BBDA02009C0177 /* LaunchScreen.storyboard */ = {
			isa = PBXVariantGroup;
			children = (
				74997AB027BBDA02009C0177 /* Base */,
			);
			name = LaunchScreen.storyboard;
			sourceTree = "<group>";
		};
/* End PBXVariantGroup section */

/* Begin XCBuildConfiguration section */
		74997AB327BBDA02009C0177 /* Debug */ = {
			isa = XCBuildConfiguration;
			buildSettings = {
				ALWAYS_SEARCH_USER_PATHS = NO;
				CLANG_ANALYZER_NONNULL = YES;
				CLANG_ANALYZER_NUMBER_OBJECT_CONVERSION = YES_AGGRESSIVE;
				CLANG_CXX_LANGUAGE_STANDARD = "gnu++17";
				CLANG_CXX_LIBRARY = "libc++";
				CLANG_ENABLE_MODULES = YES;
				CLANG_ENABLE_OBJC_ARC = YES;
				CLANG_ENABLE_OBJC_WEAK = YES;
				CLANG_WARN_BLOCK_CAPTURE_AUTORELEASING = YES;
				CLANG_WARN_BOOL_CONVERSION = YES;
				CLANG_WARN_COMMA = YES;
				CLANG_WARN_CONSTANT_CONVERSION = YES;
				CLANG_WARN_DEPRECATED_OBJC_IMPLEMENTATIONS = YES;
				CLANG_WARN_DIRECT_OBJC_ISA_USAGE = YES_ERROR;
				CLANG_WARN_DOCUMENTATION_COMMENTS = YES;
				CLANG_WARN_EMPTY_BODY = YES;
				CLANG_WARN_ENUM_CONVERSION = YES;
				CLANG_WARN_INFINITE_RECURSION = YES;
				CLANG_WARN_INT_CONVERSION = YES;
				CLANG_WARN_NON_LITERAL_NULL_CONVERSION = YES;
				CLANG_WARN_OBJC_IMPLICIT_RETAIN_SELF = YES;
				CLANG_WARN_OBJC_LITERAL_CONVERSION = YES;
				CLANG_WARN_OBJC_ROOT_CLASS = YES_ERROR;
				CLANG_WARN_QUOTED_INCLUDE_IN_FRAMEWORK_HEADER = YES;
				CLANG_WARN_RANGE_LOOP_ANALYSIS = YES;
				CLANG_WARN_STRICT_PROTOTYPES = YES;
				CLANG_WARN_SUSPICIOUS_MOVE = YES;
				CLANG_WARN_UNGUARDED_AVAILABILITY = YES_AGGRESSIVE;
				CLANG_WARN_UNREACHABLE_CODE = YES;
				CLANG_WARN__DUPLICATE_METHOD_MATCH = YES;
				COPY_PHASE_STRIP = NO;
				DEBUG_INFORMATION_FORMAT = dwarf;
				ENABLE_STRICT_OBJC_MSGSEND = YES;
				ENABLE_TESTABILITY = YES;
				GCC_C_LANGUAGE_STANDARD = gnu11;
				GCC_DYNAMIC_NO_PIC = NO;
				GCC_NO_COMMON_BLOCKS = YES;
				GCC_OPTIMIZATION_LEVEL = 0;
				GCC_PREPROCESSOR_DEFINITIONS = (
					"DEBUG=1",
					"$(inherited)",
				);
				GCC_WARN_64_TO_32_BIT_CONVERSION = YES;
				GCC_WARN_ABOUT_RETURN_TYPE = YES_ERROR;
				GCC_WARN_UNDECLARED_SELECTOR = YES;
				GCC_WARN_UNINITIALIZED_AUTOS = YES_AGGRESSIVE;
				GCC_WARN_UNUSED_FUNCTION = YES;
				GCC_WARN_UNUSED_VARIABLE = YES;
				IPHONEOS_DEPLOYMENT_TARGET = 14.0;
				MTL_ENABLE_DEBUG_INFO = INCLUDE_SOURCE;
				MTL_FAST_MATH = YES;
				ONLY_ACTIVE_ARCH = YES;
				SDKROOT = iphoneos;
				SWIFT_ACTIVE_COMPILATION_CONDITIONS = DEBUG;
				SWIFT_OPTIMIZATION_LEVEL = "-Onone";
			};
			name = Debug;
		};
		74997AB427BBDA02009C0177 /* Release */ = {
			isa = XCBuildConfiguration;
			buildSettings = {
				ALWAYS_SEARCH_USER_PATHS = NO;
				CLANG_ANALYZER_NONNULL = YES;
				CLANG_ANALYZER_NUMBER_OBJECT_CONVERSION = YES_AGGRESSIVE;
				CLANG_CXX_LANGUAGE_STANDARD = "gnu++17";
				CLANG_CXX_LIBRARY = "libc++";
				CLANG_ENABLE_MODULES = YES;
				CLANG_ENABLE_OBJC_ARC = YES;
				CLANG_ENABLE_OBJC_WEAK = YES;
				CLANG_WARN_BLOCK_CAPTURE_AUTORELEASING = YES;
				CLANG_WARN_BOOL_CONVERSION = YES;
				CLANG_WARN_COMMA = YES;
				CLANG_WARN_CONSTANT_CONVERSION = YES;
				CLANG_WARN_DEPRECATED_OBJC_IMPLEMENTATIONS = YES;
				CLANG_WARN_DIRECT_OBJC_ISA_USAGE = YES_ERROR;
				CLANG_WARN_DOCUMENTATION_COMMENTS = YES;
				CLANG_WARN_EMPTY_BODY = YES;
				CLANG_WARN_ENUM_CONVERSION = YES;
				CLANG_WARN_INFINITE_RECURSION = YES;
				CLANG_WARN_INT_CONVERSION = YES;
				CLANG_WARN_NON_LITERAL_NULL_CONVERSION = YES;
				CLANG_WARN_OBJC_IMPLICIT_RETAIN_SELF = YES;
				CLANG_WARN_OBJC_LITERAL_CONVERSION = YES;
				CLANG_WARN_OBJC_ROOT_CLASS = YES_ERROR;
				CLANG_WARN_QUOTED_INCLUDE_IN_FRAMEWORK_HEADER = YES;
				CLANG_WARN_RANGE_LOOP_ANALYSIS = YES;
				CLANG_WARN_STRICT_PROTOTYPES = YES;
				CLANG_WARN_SUSPICIOUS_MOVE = YES;
				CLANG_WARN_UNGUARDED_AVAILABILITY = YES_AGGRESSIVE;
				CLANG_WARN_UNREACHABLE_CODE = YES;
				CLANG_WARN__DUPLICATE_METHOD_MATCH = YES;
				COPY_PHASE_STRIP = NO;
				DEBUG_INFORMATION_FORMAT = "dwarf-with-dsym";
				ENABLE_NS_ASSERTIONS = NO;
				ENABLE_STRICT_OBJC_MSGSEND = YES;
				GCC_C_LANGUAGE_STANDARD = gnu11;
				GCC_NO_COMMON_BLOCKS = YES;
				GCC_WARN_64_TO_32_BIT_CONVERSION = YES;
				GCC_WARN_ABOUT_RETURN_TYPE = YES_ERROR;
				GCC_WARN_UNDECLARED_SELECTOR = YES;
				GCC_WARN_UNINITIALIZED_AUTOS = YES_AGGRESSIVE;
				GCC_WARN_UNUSED_FUNCTION = YES;
				GCC_WARN_UNUSED_VARIABLE = YES;
				IPHONEOS_DEPLOYMENT_TARGET = 14.0;
				MTL_ENABLE_DEBUG_INFO = NO;
				MTL_FAST_MATH = YES;
				SDKROOT = iphoneos;
				SWIFT_COMPILATION_MODE = wholemodule;
				SWIFT_OPTIMIZATION_LEVEL = "-O";
				VALIDATE_PRODUCT = YES;
			};
			name = Release;
		};
		74997AB627BBDA02009C0177 /* Debug */ = {
			isa = XCBuildConfiguration;
			buildSettings = {
				ASSETCATALOG_COMPILER_APPICON_NAME = AppIcon;
				ASSETCATALOG_COMPILER_GLOBAL_ACCENT_COLOR_NAME = AccentColor;
				CODE_SIGN_STYLE = Automatic;
				CURRENT_PROJECT_VERSION = 1;
				DEVELOPMENT_TEAM = U2FVAML6Y7;
				GENERATE_INFOPLIST_FILE = YES;
				INFOPLIST_FILE = "Right on Tatget/Info.plist";
				INFOPLIST_KEY_UIApplicationSupportsIndirectInputEvents = YES;
				INFOPLIST_KEY_UILaunchStoryboardName = LaunchScreen;
				INFOPLIST_KEY_UIMainStoryboardFile = Main;
				INFOPLIST_KEY_UISupportedInterfaceOrientations = "UIInterfaceOrientationPortrait UIInterfaceOrientationLandscapeLeft UIInterfaceOrientationLandscapeRight";
				INFOPLIST_KEY_UISupportedInterfaceOrientations_iPad = "UIInterfaceOrientationPortrait UIInterfaceOrientationPortraitUpsideDown UIInterfaceOrientationLandscapeLeft UIInterfaceOrientationLandscapeRight";
				INFOPLIST_KEY_UISupportedInterfaceOrientations_iPhone = "UIInterfaceOrientationPortrait UIInterfaceOrientationLandscapeLeft UIInterfaceOrientationLandscapeRight";
				IPHONEOS_DEPLOYMENT_TARGET = 14.0;
				LD_RUNPATH_SEARCH_PATHS = (
					"$(inherited)",
					"@executable_path/Frameworks",
				);
				MARKETING_VERSION = 1.4;
				PRODUCT_BUNDLE_IDENTIFIER = "com.kayan.Right-on-Tatget";
				PRODUCT_NAME = "$(TARGET_NAME)";
				SWIFT_EMIT_LOC_STRINGS = YES;
				SWIFT_VERSION = 5.0;
				TARGETED_DEVICE_FAMILY = "1,2";
			};
			name = Debug;
		};
		74997AB727BBDA02009C0177 /* Release */ = {
			isa = XCBuildConfiguration;
			buildSettings = {
				ASSETCATALOG_COMPILER_APPICON_NAME = AppIcon;
				ASSETCATALOG_COMPILER_GLOBAL_ACCENT_COLOR_NAME = AccentColor;
				CODE_SIGN_STYLE = Automatic;
				CURRENT_PROJECT_VERSION = 1;
				DEVELOPMENT_TEAM = U2FVAML6Y7;
				GENERATE_INFOPLIST_FILE = YES;
				INFOPLIST_FILE = "Right on Tatget/Info.plist";
				INFOPLIST_KEY_UIApplicationSupportsIndirectInputEvents = YES;
				INFOPLIST_KEY_UILaunchStoryboardName = LaunchScreen;
				INFOPLIST_KEY_UIMainStoryboardFile = Main;
				INFOPLIST_KEY_UISupportedInterfaceOrientations = "UIInterfaceOrientationPortrait UIInterfaceOrientationLandscapeLeft UIInterfaceOrientationLandscapeRight";
				INFOPLIST_KEY_UISupportedInterfaceOrientations_iPad = "UIInterfaceOrientationPortrait UIInterfaceOrientationPortraitUpsideDown UIInterfaceOrientationLandscapeLeft UIInterfaceOrientationLandscapeRight";
				INFOPLIST_KEY_UISupportedInterfaceOrientations_iPhone = "UIInterfaceOrientationPortrait UIInterfaceOrientationLandscapeLeft UIInterfaceOrientationLandscapeRight";
				IPHONEOS_DEPLOYMENT_TARGET = 14.0;
				LD_RUNPATH_SEARCH_PATHS = (
					"$(inherited)",
					"@executable_path/Frameworks",
				);
				MARKETING_VERSION = 1.4;
				PRODUCT_BUNDLE_IDENTIFIER = "com.kayan.Right-on-Tatget";
				PRODUCT_NAME = "$(TARGET_NAME)";
				SWIFT_EMIT_LOC_STRINGS = YES;
				SWIFT_VERSION = 5.0;
				TARGETED_DEVICE_FAMILY = "1,2";
			};
			name = Release;
		};
/* End XCBuildConfiguration section */

/* Begin XCConfigurationList section */
		74997A9C27BBDA01009C0177 /* Build configuration list for PBXProject "Right on Tatget" */ = {
			isa = XCConfigurationList;
			buildConfigurations = (
				74997AB327BBDA02009C0177 /* Debug */,
				74997AB427BBDA02009C0177 /* Release */,
			);
			defaultConfigurationIsVisible = 0;
			defaultConfigurationName = Release;
		};
		74997AB527BBDA02009C0177 /* Build configuration list for PBXNativeTarget "Right on Tatget" */ = {
			isa = XCConfigurationList;
			buildConfigurations = (
				74997AB627BBDA02009C0177 /* Debug */,
				74997AB727BBDA02009C0177 /* Release */,
			);
			defaultConfigurationIsVisible = 0;
			defaultConfigurationName = Release;
		};
/* End XCConfigurationList section */
	};
	rootObject = 74997A9927BBDA01009C0177 /* Project object */;
}
